# This file is automatically @generated by Poetry 2.1.3 and should not be changed by hand.

[[package]]
name = "itk"
version = "5.4.3"
description = "ITK is an open-source toolkit for multidimensional image analysis"
optional = false
python-versions = ">=3.8"
groups = ["main"]
files = [
    {file = "itk-5.4.3-cp310-cp310-macosx_10_9_x86_64.whl", hash = "sha256:7f14ebc4594474e3c82056e639e49a2bc3d681e8ef10abd6c8b55b1190d364ee"},
    {file = "itk-5.4.3-cp310-cp310-macosx_11_0_arm64.whl", hash = "sha256:acdd7bc382cc469680f54ff61691247ca9d959b5f15d3ae2b8bd2f69b7a5282a"},
    {file = "itk-5.4.3-cp310-cp310-manylinux2014_x86_64.whl", hash = "sha256:23a72ba5998f129127b5005079597ff87f55e1c5f7c5a69cddb3762a0f34601c"},
    {file = "itk-5.4.3-cp310-cp310-manylinux_2_28_aarch64.whl", hash = "sha256:292295ec338ad68e65a446bf832f6539be65c82a46182c7a888d6efcfb2f07b7"},
    {file = "itk-5.4.3-cp310-cp310-manylinux_2_28_x86_64.whl", hash = "sha256:55bcf10dbce093c27a92fc1a4b5c4e8e14d69332c45ad2367352dde79e3c40bb"},
    {file = "itk-5.4.3-cp310-cp310-win_amd64.whl", hash = "sha256:78c58484ad23cc22c5c0267c2f05886abb16ad13a517c009681eb62f4897942d"},
    {file = "itk-5.4.3-cp311-abi3-macosx_10_9_x86_64.whl", hash = "sha256:90b05884ec53bb6d873fce16bf60a6de68d6e53fd4c8f5498628f46cea8c0e1c"},
    {file = "itk-5.4.3-cp311-abi3-macosx_11_0_arm64.whl", hash = "sha256:8c4236fb013df07a08d07e9ecad3800577fe12dda7765ecfb53aafbf0698eacd"},
    {file = "itk-5.4.3-cp311-abi3-manylinux2014_x86_64.whl", hash = "sha256:5289a66f47a85dc80a01b87603df131bc27a1761045ba407cbbbfe6f6d8967f3"},
    {file = "itk-5.4.3-cp311-abi3-manylinux_2_28_aarch64.whl", hash = "sha256:06a600cb147ed8173f7a2ecd35b599c9c2b74dbd2252b68db031f84ddb335f6d"},
    {file = "itk-5.4.3-cp311-abi3-manylinux_2_28_x86_64.whl", hash = "sha256:5acc8cb1b980659052d8be1c359558118e197239d34244b23c7b4cebe1ea401e"},
    {file = "itk-5.4.3-cp311-abi3-win_amd64.whl", hash = "sha256:c10ca5315ff0cc91cb99253c097e0ddec312384c3d89417e5b487858e6d7044d"},
    {file = "itk-5.4.3-cp38-cp38-manylinux2014_x86_64.whl", hash = "sha256:7e459ce40cf1df565cf36d383059cfa48c993ba5efdb8ec6020be665e8d9dfc3"},
    {file = "itk-5.4.3-cp38-cp38-manylinux_2_28_aarch64.whl", hash = "sha256:ce30448602c5f04d4afcb81090eb28a05f55f88b4e61d16b1a5dcca05a7253c0"},
    {file = "itk-5.4.3-cp38-cp38-manylinux_2_28_x86_64.whl", hash = "sha256:8058f2711d8a93552d4e589453d9f75b113e8a3620294f0d9f57cb8685a13100"},
    {file = "itk-5.4.3-cp38-cp38-win_amd64.whl", hash = "sha256:796af2056d75930f6ed8411ece0b9e21534a6443cfc5644ec231d98b88410713"},
    {file = "itk-5.4.3-cp39-cp39-macosx_10_9_x86_64.whl", hash = "sha256:5988ba0d71e7bae19b04271bd5ad7c7f4d16d0eed18c9964edbf8cbefbba543e"},
    {file = "itk-5.4.3-cp39-cp39-macosx_11_0_arm64.whl", hash = "sha256:e505a9eb58781671a0dc9701d90421be1859c11bbdc291a65f0e8adef1554f0b"},
    {file = "itk-5.4.3-cp39-cp39-manylinux2014_x86_64.whl", hash = "sha256:f91b2e3d2d351675536efb7ae96df08212aa8bc0b610f2f97b47b4a0819b415d"},
    {file = "itk-5.4.3-cp39-cp39-manylinux_2_28_aarch64.whl", hash = "sha256:b7b304b20bc444953ab029820c522cdab74f3dda8d7c9be548930e31d0fa1744"},
    {file = "itk-5.4.3-cp39-cp39-manylinux_2_28_x86_64.whl", hash = "sha256:b81b905affcbbf02359574543fa3804053e250421ec56943fd491e5784356ce4"},
    {file = "itk-5.4.3-cp39-cp39-win_amd64.whl", hash = "sha256:8e9cf333fd3421a931a7e66f194281b12c4fd733df7814a99e9ae53f25168145"},
]

[package.dependencies]
itk-core = "5.4.3"
itk-filtering = "5.4.3"
itk-io = "5.4.3"
itk-numerics = "5.4.3"
itk-registration = "5.4.3"
itk-segmentation = "5.4.3"
numpy = "*"

[[package]]
name = "itk-core"
version = "5.4.3"
description = "ITK is an open-source toolkit for multidimensional image analysis"
optional = false
python-versions = ">=3.8"
groups = ["main"]
files = [
    {file = "itk_core-5.4.3-cp310-cp310-macosx_10_9_x86_64.whl", hash = "sha256:fa9da7c1712650764bc39c6c024dab6ef1264e6344a468f6f139edf0b8f6412e"},
    {file = "itk_core-5.4.3-cp310-cp310-macosx_11_0_arm64.whl", hash = "sha256:8f7f4071c75731b03c39b52226d97a9619755dad59e5a479d495b4a44d4c3429"},
    {file = "itk_core-5.4.3-cp310-cp310-manylinux_2_17_x86_64.manylinux2014_x86_64.whl", hash = "sha256:d875ed90acb268d5eb1fbe8a35517249640b10192488b9decd162739ee583547"},
    {file = "itk_core-5.4.3-cp310-cp310-manylinux_2_28_aarch64.whl", hash = "sha256:bdeddcc693deed73864e028666117e17d8880781198a7bc6a218bdbb854ef206"},
    {file = "itk_core-5.4.3-cp310-cp310-manylinux_2_28_x86_64.whl", hash = "sha256:87647379af146494144cdbd6b07d180462beceff7d6985b35e64474addf62a40"},
    {file = "itk_core-5.4.3-cp310-cp310-win_amd64.whl", hash = "sha256:5c1d14d915c7ea70507be1567c2703276e2ba80e5d0b902263e80dcc7d9bc298"},
    {file = "itk_core-5.4.3-cp311-abi3-macosx_10_9_x86_64.whl", hash = "sha256:a487b8ffffcae9cd340d6dd4a5d502c7964aa8b2e545fa8983604aba6c76b715"},
    {file = "itk_core-5.4.3-cp311-abi3-macosx_11_0_arm64.whl", hash = "sha256:e6d5705e5811f7b8f069450b8a2cc6456628b71f4cb145529dd10184c7b376c2"},
    {file = "itk_core-5.4.3-cp311-abi3-manylinux_2_17_x86_64.manylinux2014_x86_64.whl", hash = "sha256:783016c6af2de09992f71d984d7c69aa1f69e1714a50f2c62dad95a8602fd393"},
    {file = "itk_core-5.4.3-cp311-abi3-manylinux_2_28_aarch64.whl", hash = "sha256:0f5953df42e919f5ea7ef5ccc440e182823930286f9ee37debc11f3209568217"},
    {file = "itk_core-5.4.3-cp311-abi3-manylinux_2_28_x86_64.whl", hash = "sha256:1dc35521b1420800015b485f16e56c676de93318a5c93ff43c0dbf395716e4a9"},
    {file = "itk_core-5.4.3-cp311-abi3-win_amd64.whl", hash = "sha256:0e848dfaf16d99ccd1e25aaf0ea367a77de0a9be80181747282b52d454ce2f4c"},
    {file = "itk_core-5.4.3-cp38-cp38-manylinux_2_17_x86_64.manylinux2014_x86_64.whl", hash = "sha256:4ae737752654d6ac7df01d355662fb75e0e8bb12061ae70ba2074ba2b0c182b6"},
    {file = "itk_core-5.4.3-cp38-cp38-manylinux_2_28_aarch64.whl", hash = "sha256:5f11f4a5f918caebbfa340d14e840b4dd64b6843f4fdedd8f0a58c3229203caf"},
    {file = "itk_core-5.4.3-cp38-cp38-manylinux_2_28_x86_64.whl", hash = "sha256:ee12a5a20632e559174b56db68f0de2d8389304ab2e3c78eea43dddfcf7952c6"},
    {file = "itk_core-5.4.3-cp38-cp38-win_amd64.whl", hash = "sha256:bd0c1d7824a14cc6ede659d5b0b47a73841792579dbe18a6577da190bad94901"},
    {file = "itk_core-5.4.3-cp39-cp39-macosx_10_9_x86_64.whl", hash = "sha256:8a1188350e556b9422ecfe76bdfdd5cfef88c0d75abecbd03ec6a15eb4d55b1e"},
    {file = "itk_core-5.4.3-cp39-cp39-macosx_11_0_arm64.whl", hash = "sha256:90265f86dec6246d28ed3a9b4bec21590689865a91af89c6134e1a8fc574b1a5"},
    {file = "itk_core-5.4.3-cp39-cp39-manylinux_2_17_x86_64.manylinux2014_x86_64.whl", hash = "sha256:3291757db3a0a72d86fa7b7edffcdd6739fa69b48798e97f91b59242203e442e"},
    {file = "itk_core-5.4.3-cp39-cp39-manylinux_2_28_aarch64.whl", hash = "sha256:7cdfe7915dcb70be4c1ed1238d936ca72433a612f355edbedd72ebcecc2452b0"},
    {file = "itk_core-5.4.3-cp39-cp39-manylinux_2_28_x86_64.whl", hash = "sha256:467e7b2868b5eab9e4eafaca2359c8e625497da23307560e26d263f618ef6c40"},
    {file = "itk_core-5.4.3-cp39-cp39-win_amd64.whl", hash = "sha256:90dfe46e48218bb87a726ceebacda6220aa8ad462aa95cdd1f9b68ec82aefb37"},
]

[package.dependencies]
numpy = "*"

[[package]]
name = "itk-elastix"
version = "0.23.0"
description = "Provides an ITK Python interface to elastix, a toolbox for rigid and nonrigid registration of images"
optional = false
python-versions = ">=3.9"
groups = ["main"]
files = [
    {file = "itk_elastix-0.23.0-cp310-cp310-macosx_11_0_arm64.whl", hash = "sha256:dfc1ca381667a0a1ecc8ccdb8df9acd413d1d02e88ce8c0153a01fe6821396b7"},
    {file = "itk_elastix-0.23.0-cp310-cp310-manylinux_2_17_x86_64.manylinux2014_x86_64.whl", hash = "sha256:7f8eb7933851abdc43304ce7b15230580df05d60200024abae679150c9529a6c"},
    {file = "itk_elastix-0.23.0-cp310-cp310-manylinux_2_28_aarch64.whl", hash = "sha256:65d1c4d23ecfba42e398da20e73de330e1a778ad82c9500a8f85ff1a81ee3a02"},
    {file = "itk_elastix-0.23.0-cp310-cp310-manylinux_2_28_x86_64.whl", hash = "sha256:879b24988141d4360afe9716f75e8e65b4044d42bdbc79c440cd604e8c27d60b"},
    {file = "itk_elastix-0.23.0-cp310-cp310-win_amd64.whl", hash = "sha256:4f5aaac619704b3d7d1525e1e51c6d93bd1f36423e029dc0e5cbceff5ff5db26"},
    {file = "itk_elastix-0.23.0-cp311-abi3-macosx_11_0_arm64.whl", hash = "sha256:baaf61a1adcaf2225ccfc2a40a259b82005b37541ec7000070b9c35fdf6ccc8f"},
    {file = "itk_elastix-0.23.0-cp311-abi3-manylinux_2_17_x86_64.manylinux2014_x86_64.whl", hash = "sha256:b529f17f8f97c22575dbe9ad5987b2bba47999bbfe8ea391dace018e351d2164"},
    {file = "itk_elastix-0.23.0-cp311-abi3-manylinux_2_28_aarch64.whl", hash = "sha256:b37a5a767655089ae6d941ec223e39c96dfbe79a790fdfe8045f91d81cf17244"},
    {file = "itk_elastix-0.23.0-cp311-abi3-manylinux_2_28_x86_64.whl", hash = "sha256:9b1befecc1d3d8c911913a9eecf946cb977abcc9558bd2e51ae7095e636dcb0c"},
    {file = "itk_elastix-0.23.0-cp311-abi3-win_amd64.whl", hash = "sha256:b96120d7402e3550db2a686f3af21034bb60ea67df45185e5f6021b9491ed60d"},
    {file = "itk_elastix-0.23.0-cp39-cp39-macosx_11_0_arm64.whl", hash = "sha256:7431b2f25587d5c2170bad64462b8b92cdc5c5423c2467388fa23c2285d0b4fb"},
    {file = "itk_elastix-0.23.0-cp39-cp39-manylinux_2_17_x86_64.manylinux2014_x86_64.whl", hash = "sha256:65a1f598c547a45612da2286c2e3cd1d97c2d318494f318b835cda5b27326ca7"},
    {file = "itk_elastix-0.23.0-cp39-cp39-manylinux_2_28_aarch64.whl", hash = "sha256:516a0068109b35bb39f8b60c4ceb07ce80e56f9ca0722b3aca42b0687e75ea58"},
    {file = "itk_elastix-0.23.0-cp39-cp39-manylinux_2_28_x86_64.whl", hash = "sha256:189df25e25ea3dfe8cf13e60b0f9ece9f9035b167c60d2e3619b5bb8256d122f"},
    {file = "itk_elastix-0.23.0-cp39-cp39-win_amd64.whl", hash = "sha256:af469ba7bb7b028a53b7d775c58b8806e74b081414ad842fa45a1c036b5d8133"},
]

[package.dependencies]
itk = ">=5.4.3,<5.5.0"

[[package]]
name = "itk-filtering"
version = "5.4.3"
description = "ITK is an open-source toolkit for multidimensional image analysis"
optional = false
python-versions = ">=3.8"
groups = ["main"]
files = [
    {file = "itk_filtering-5.4.3-cp310-cp310-macosx_10_9_x86_64.whl", hash = "sha256:80732c7ac0b04639ab61745918a295e35e484e9edaf4615a738ad8d83557ff60"},
    {file = "itk_filtering-5.4.3-cp310-cp310-macosx_11_0_arm64.whl", hash = "sha256:cba8a421853b31e1d0533691336412e4fe3f65a346aac3862ae49eb5bc361fc8"},
    {file = "itk_filtering-5.4.3-cp310-cp310-manylinux_2_17_x86_64.manylinux2014_x86_64.whl", hash = "sha256:2969f810e92825fa9ac5223c4c0fad23cbd0f1ab17e49abec5c0ad31da1a1570"},
    {file = "itk_filtering-5.4.3-cp310-cp310-manylinux_2_28_aarch64.whl", hash = "sha256:7794e254e2d2049f4aed3c690a9a4c1c3e77cdb99cf22b0f552ee7cf70120149"},
    {file = "itk_filtering-5.4.3-cp310-cp310-manylinux_2_28_x86_64.whl", hash = "sha256:1a5370c4c0e1c0cb97a2c2f064e9321718ec43759c2cd39c5658abbb087d0b74"},
    {file = "itk_filtering-5.4.3-cp310-cp310-win_amd64.whl", hash = "sha256:1f836861c6c6495a32686a2e4cc6cd4c1d57d17495b8c989f351eb480c347d5e"},
    {file = "itk_filtering-5.4.3-cp311-abi3-macosx_10_9_x86_64.whl", hash = "sha256:611e4246c1b82412bec7c0ceaaf074a98cc8281a51232469c328d9ef8b02bb5e"},
    {file = "itk_filtering-5.4.3-cp311-abi3-macosx_11_0_arm64.whl", hash = "sha256:f26cc023a69ec66a3fb28992421c929012daf4f22fb2455c93fc2dbae3c2f880"},
    {file = "itk_filtering-5.4.3-cp311-abi3-manylinux_2_17_x86_64.manylinux2014_x86_64.whl", hash = "sha256:32ba1b37ad86f1f62c0a3f786228c5ec7e3cd1703319c6e3d7423431ce1e4752"},
    {file = "itk_filtering-5.4.3-cp311-abi3-manylinux_2_28_aarch64.whl", hash = "sha256:0d68b069ed80cf0a53bc73a0ef0aec5e0e2dce46070ae2bd62be29c6566fac84"},
    {file = "itk_filtering-5.4.3-cp311-abi3-manylinux_2_28_x86_64.whl", hash = "sha256:59e7c65e8e2b4bdcc9df0897a61d82c05326653b965c1faeaf72e655bbc41e39"},
    {file = "itk_filtering-5.4.3-cp311-abi3-win_amd64.whl", hash = "sha256:ef8a8e28641d6706479355a68bf9d7dcfd119e6744d10055e9ca54e3a40f1131"},
    {file = "itk_filtering-5.4.3-cp38-cp38-manylinux_2_17_x86_64.manylinux2014_x86_64.whl", hash = "sha256:e60a94ed56a59504314e0dfbc9c62e4c6cb38b6675a81464753c9aca49b78386"},
    {file = "itk_filtering-5.4.3-cp38-cp38-manylinux_2_28_aarch64.whl", hash = "sha256:430b25215fb40319db958d60b4d01ab5eba81ad9e4ec75d89cfbfc8d53dda268"},
    {file = "itk_filtering-5.4.3-cp38-cp38-manylinux_2_28_x86_64.whl", hash = "sha256:f05a21e2b2e57a7cd5133765a3e9eac13b2082a4c99c647b1ed590b83eb9869e"},
    {file = "itk_filtering-5.4.3-cp38-cp38-win_amd64.whl", hash = "sha256:9143e6cfe70db64a9d36762112987350aa8f2876341826b1da0563dffa7787b3"},
    {file = "itk_filtering-5.4.3-cp39-cp39-macosx_10_9_x86_64.whl", hash = "sha256:cdbbc947ffdada4a923b3adc6e8f733ea292608292b72f78dd733bd0deb68a98"},
    {file = "itk_filtering-5.4.3-cp39-cp39-macosx_11_0_arm64.whl", hash = "sha256:c1918b35aba8ed6bc175f3d18d40970a7ded3a485aac7f5532aaeee15dbb1693"},
    {file = "itk_filtering-5.4.3-cp39-cp39-manylinux_2_17_x86_64.manylinux2014_x86_64.whl", hash = "sha256:7c682684d059139d54720d91dab55c26b9736ccc0520eca077bc0dc50030d443"},
    {file = "itk_filtering-5.4.3-cp39-cp39-manylinux_2_28_aarch64.whl", hash = "sha256:69407891713a8e5eedfedbf38534f730e789570ee8dfb246fdb5d53fe215f565"},
    {file = "itk_filtering-5.4.3-cp39-cp39-manylinux_2_28_x86_64.whl", hash = "sha256:836c9394555ddafdf46ef82fdd4452c4eb63603b4f8d0c3453f9ba704a34200c"},
    {file = "itk_filtering-5.4.3-cp39-cp39-win_amd64.whl", hash = "sha256:82ff5038b800f2e69ef73816c6bd12eb1cd88a4fef3ed65864c96dafd6539890"},
]

[package.dependencies]
itk-numerics = "5.4.3"

[[package]]
name = "itk-io"
version = "5.4.3"
description = "ITK is an open-source toolkit for multidimensional image analysis"
optional = false
python-versions = ">=3.8"
groups = ["main"]
files = [
    {file = "itk_io-5.4.3-cp310-cp310-macosx_10_9_x86_64.whl", hash = "sha256:037bff7264a0b1edba115af4e2db03e6c8cda0982bd300cc871a8f1cd0f5368f"},
    {file = "itk_io-5.4.3-cp310-cp310-macosx_11_0_arm64.whl", hash = "sha256:773c0aea68cad1adbcd3b70579eba0f492ee503ecdd9c8e8fb9ebf5ac40b109b"},
    {file = "itk_io-5.4.3-cp310-cp310-manylinux_2_17_x86_64.manylinux2014_x86_64.whl", hash = "sha256:2683495b8df33077fad73ef6602f91263d4db24e7e45e73d3d04c9f191ecd844"},
    {file = "itk_io-5.4.3-cp310-cp310-manylinux_2_28_aarch64.whl", hash = "sha256:0af1903ae630204fea190296eb4c3ddafd4f6e6f18be43531863b2250a6aacf9"},
    {file = "itk_io-5.4.3-cp310-cp310-manylinux_2_28_x86_64.whl", hash = "sha256:542c2a43801c50bd58acfe534899c055698f07b764195fe361a6bdfd9e46f5e3"},
    {file = "itk_io-5.4.3-cp310-cp310-win_amd64.whl", hash = "sha256:80b2ae432c14faf1d31cc3b1e195a788aa0913b6828f6d5fc37d1bbbd2282c35"},
    {file = "itk_io-5.4.3-cp311-abi3-macosx_10_9_x86_64.whl", hash = "sha256:82420782af8cddc3fe5624b527f632e205f84428688d6a11baaef3da9b3c7c38"},
    {file = "itk_io-5.4.3-cp311-abi3-macosx_11_0_arm64.whl", hash = "sha256:ff91899ea2a6292021c0d07dbc37a1dc60b18d2981904870d6c7ea315c4629b5"},
    {file = "itk_io-5.4.3-cp311-abi3-manylinux_2_17_x86_64.manylinux2014_x86_64.whl", hash = "sha256:b1ccc69cb71b33376af00ae02d55ae560d70968552726e0ce3b14c4bdc54d078"},
    {file = "itk_io-5.4.3-cp311-abi3-manylinux_2_28_aarch64.whl", hash = "sha256:93653fc882bf762593f6dcbb48ca3563d1b1b66192e889bd62a516c9d3c540aa"},
    {file = "itk_io-5.4.3-cp311-abi3-manylinux_2_28_x86_64.whl", hash = "sha256:1feb207344612238acda3197a060f73f9fac412ee9b90f66c6bd07e2bda3d95b"},
    {file = "itk_io-5.4.3-cp311-abi3-win_amd64.whl", hash = "sha256:7bb5f83e962eb7b25a5494916de2c8e7e512d98af3f0dd6ee896c7119193e41c"},
    {file = "itk_io-5.4.3-cp38-cp38-manylinux_2_17_x86_64.manylinux2014_x86_64.whl", hash = "sha256:856f09ee6e80be67ffe532a917edab070124cc729b1230466c80977e7d19cb17"},
    {file = "itk_io-5.4.3-cp38-cp38-manylinux_2_28_aarch64.whl", hash = "sha256:bffa32e06b4dd3d00329f0677d9d78ca3a20d767bc8b19ca724e231f5aaa88bd"},
    {file = "itk_io-5.4.3-cp38-cp38-manylinux_2_28_x86_64.whl", hash = "sha256:bde3aefe31c6fa59e0fcf9ed73cb03cc15f62b9c7c3ddcf368f4fe97cdd2c3d3"},
    {file = "itk_io-5.4.3-cp38-cp38-win_amd64.whl", hash = "sha256:99a18787bdfa4c0487b8bda8de99cb4518b931d6753822b7defeea9c9b3ae70c"},
    {file = "itk_io-5.4.3-cp39-cp39-macosx_10_9_x86_64.whl", hash = "sha256:fac7f6e7951c3b68fa95799ecd677be418be831e7437c09ecccebb067d4081c4"},
    {file = "itk_io-5.4.3-cp39-cp39-macosx_11_0_arm64.whl", hash = "sha256:9fe7efe94a6b0155258dbff90fd4faf460f92319797a2b413df4ffef768a8912"},
    {file = "itk_io-5.4.3-cp39-cp39-manylinux_2_17_x86_64.manylinux2014_x86_64.whl", hash = "sha256:286ddc7261fbaf15eea43349cbb58e6274754e50e12abb07d04c26ed6f0a20e8"},
    {file = "itk_io-5.4.3-cp39-cp39-manylinux_2_28_aarch64.whl", hash = "sha256:c87e4f5b7a974c9c99748e35993ccad58124d802acd10f6a1e6143132c8f160e"},
    {file = "itk_io-5.4.3-cp39-cp39-manylinux_2_28_x86_64.whl", hash = "sha256:e1916ed3fdadc3f1a9825e5f4f3b8effeccc52317daf1f327c7a4fe770b77c83"},
    {file = "itk_io-5.4.3-cp39-cp39-win_amd64.whl", hash = "sha256:dde0d26b6ac772320d00810835815e775be3b3d86c5b5aba254013f02d315e08"},
]

[package.dependencies]
itk-core = "5.4.3"

[[package]]
name = "itk-numerics"
version = "5.4.3"
description = "ITK is an open-source toolkit for multidimensional image analysis"
optional = false
python-versions = ">=3.8"
groups = ["main"]
files = [
    {file = "itk_numerics-5.4.3-cp310-cp310-macosx_10_9_x86_64.whl", hash = "sha256:08202c0493b8adde06658ee717a7b3c36b474660f499e4fd5fb5fe820d81a1dc"},
    {file = "itk_numerics-5.4.3-cp310-cp310-macosx_11_0_arm64.whl", hash = "sha256:ddea6e8439da7d1f578990c1b536c384bf4a52a30d54f8a33949f357148825c9"},
    {file = "itk_numerics-5.4.3-cp310-cp310-manylinux_2_17_x86_64.manylinux2014_x86_64.whl", hash = "sha256:f0fb4de558fd733f7d5effb47a8296838303e73269c4b09ed33f60846da888ee"},
    {file = "itk_numerics-5.4.3-cp310-cp310-manylinux_2_28_aarch64.whl", hash = "sha256:f429c2f8601dbaca12376b1983197b490faf628084002c2550d64cb9767fd659"},
    {file = "itk_numerics-5.4.3-cp310-cp310-manylinux_2_28_x86_64.whl", hash = "sha256:544983b684fc110efc6f6b570a18210b7ed31884cd721fe0e0c3106f02d0e181"},
    {file = "itk_numerics-5.4.3-cp310-cp310-win_amd64.whl", hash = "sha256:7efd4b9c1f79fd50f274681579c951eab69816a44c45928b7c36cbc9b9049b2f"},
    {file = "itk_numerics-5.4.3-cp311-abi3-macosx_10_9_x86_64.whl", hash = "sha256:fd9725a2bea4f47f7112c9f10dca893b5ed2f1f5488c033594c796f5d32cecab"},
    {file = "itk_numerics-5.4.3-cp311-abi3-macosx_11_0_arm64.whl", hash = "sha256:fc7ace910d5f89644c2ee00e17f1f0768a91de43a07be10cfc8decbe78371c2e"},
    {file = "itk_numerics-5.4.3-cp311-abi3-manylinux_2_17_x86_64.manylinux2014_x86_64.whl", hash = "sha256:9707f8ba4aa315b4d989d175eee42b112dd3e1c5db4d86010c959ea66b8644aa"},
    {file = "itk_numerics-5.4.3-cp311-abi3-manylinux_2_28_aarch64.whl", hash = "sha256:71888951f205a55a1315166a993bb556b7b6a8a980db7591cea6fa15df508afd"},
    {file = "itk_numerics-5.4.3-cp311-abi3-manylinux_2_28_x86_64.whl", hash = "sha256:86dbc95f3b1af0c5f0eceb690ca87d611ac7bd1f6719f852d626d4f8f31d1f62"},
    {file = "itk_numerics-5.4.3-cp311-abi3-win_amd64.whl", hash = "sha256:92381a1b0521b4e0f361a9ae01c4443688eb353be1581828a46668fb7a23f536"},
    {file = "itk_numerics-5.4.3-cp38-cp38-manylinux_2_17_x86_64.manylinux2014_x86_64.whl", hash = "sha256:4dda57113b58891d24da773cc5d4d9a7f4e48c4fa7f6bf6927b1e38cc70439bf"},
    {file = "itk_numerics-5.4.3-cp38-cp38-manylinux_2_28_aarch64.whl", hash = "sha256:3a58dfc401b771a09507011a6474ba292e0ba13e05953cd6ecdb3b3625f28cdb"},
    {file = "itk_numerics-5.4.3-cp38-cp38-manylinux_2_28_x86_64.whl", hash = "sha256:35196c2f3fb9cab0ccb2344670e2f17128fa84a6daa6447a3aa6441263f92cd5"},
    {file = "itk_numerics-5.4.3-cp38-cp38-win_amd64.whl", hash = "sha256:98b1b6f25a7bb273a7ddbf1237c550cf783e010be26019011bb4d3119da84625"},
    {file = "itk_numerics-5.4.3-cp39-cp39-macosx_10_9_x86_64.whl", hash = "sha256:43ae78bb7c03b52edd7af0d412d3cad4de7f8fd9b6c8b463eed925d93f2ad3af"},
    {file = "itk_numerics-5.4.3-cp39-cp39-macosx_11_0_arm64.whl", hash = "sha256:b0470bb5854fe7f42f74d5ffbe40990a7ab0a3bfc11b159670742d6a0dcdd7c4"},
    {file = "itk_numerics-5.4.3-cp39-cp39-manylinux_2_17_x86_64.manylinux2014_x86_64.whl", hash = "sha256:4a3ea095c18135b312e140d2e354e49fc731f4dec4851e4e0c5b31e83995cd33"},
    {file = "itk_numerics-5.4.3-cp39-cp39-manylinux_2_28_aarch64.whl", hash = "sha256:69cde70ab1b95c07232794c7f416086e6786a14816c5ae4c6f0b0aafb33faa6e"},
    {file = "itk_numerics-5.4.3-cp39-cp39-manylinux_2_28_x86_64.whl", hash = "sha256:cb481e145ce380656dc16242a9c9a13b2badf7a186afb7b0dc1bbacf489a88c8"},
    {file = "itk_numerics-5.4.3-cp39-cp39-win_amd64.whl", hash = "sha256:8a46c49333456e59740935749e779278b8ed91258f732e9eaa17947e88d94d98"},
]

[package.dependencies]
itk-core = "5.4.3"

[[package]]
name = "itk-registration"
version = "5.4.3"
description = "ITK is an open-source toolkit for multidimensional image analysis"
optional = false
python-versions = ">=3.8"
groups = ["main"]
files = [
    {file = "itk_registration-5.4.3-cp310-cp310-macosx_10_9_x86_64.whl", hash = "sha256:72a36b35b01aad8cc137b58582c0dc6f2ab7104144fc00b451dec92c025e9346"},
    {file = "itk_registration-5.4.3-cp310-cp310-macosx_11_0_arm64.whl", hash = "sha256:f87632d9fde3d04a9e6a0d65693e02149816e8f4a0d1ececc66583b0743017c7"},
    {file = "itk_registration-5.4.3-cp310-cp310-manylinux_2_17_x86_64.manylinux2014_x86_64.whl", hash = "sha256:484ff12f365fcf0a6be98ca2d729d7af712700743e1ff4f48ea1c5ddfcb5bfa9"},
    {file = "itk_registration-5.4.3-cp310-cp310-manylinux_2_28_aarch64.whl", hash = "sha256:1cda1f4cc41da697fbca1f6e5cd4066b47da1df25509385b22868f95be237633"},
    {file = "itk_registration-5.4.3-cp310-cp310-manylinux_2_28_x86_64.whl", hash = "sha256:dfe171633d725ed4a51ac46f7925c545d3535be6e82834962a18d025d533e65e"},
    {file = "itk_registration-5.4.3-cp310-cp310-win_amd64.whl", hash = "sha256:375606ae341e02c96ab98830f1cddc3c00f0fe0310689fee3ee5f021b95e0a4a"},
    {file = "itk_registration-5.4.3-cp311-abi3-macosx_10_9_x86_64.whl", hash = "sha256:5f2ab4fa87b63d87d7ee3715e5c1e9d6a9f3b2e9e7e1b24bdfcd4d2433d9730c"},
    {file = "itk_registration-5.4.3-cp311-abi3-macosx_11_0_arm64.whl", hash = "sha256:0ef60759b1e9b9f5dbc2c6101f3dfd3b303080f7ccf7cc4a7064b5d2147e7f11"},
    {file = "itk_registration-5.4.3-cp311-abi3-manylinux_2_17_x86_64.manylinux2014_x86_64.whl", hash = "sha256:2b4f47ce0b234eba37acaa926290140830d1735ee42bdf836a23969101f35a0f"},
    {file = "itk_registration-5.4.3-cp311-abi3-manylinux_2_28_aarch64.whl", hash = "sha256:669e6ff296b55d1000f2b581f56db4b62d71902d04983715ae166609b998f677"},
    {file = "itk_registration-5.4.3-cp311-abi3-manylinux_2_28_x86_64.whl", hash = "sha256:4c245fd08e021b567688fcc911f237b5608dbeb729d526770fc14366bd329d2d"},
    {file = "itk_registration-5.4.3-cp311-abi3-win_amd64.whl", hash = "sha256:bb0b8f2e4d286896cd714443065e8dbcd414c44373093cad03b0e1924ceafa48"},
    {file = "itk_registration-5.4.3-cp38-cp38-manylinux_2_17_x86_64.manylinux2014_x86_64.whl", hash = "sha256:0de71e8e59ff5b68798a92852363d3eec9f1094144731c970d016f47cbd43c23"},
    {file = "itk_registration-5.4.3-cp38-cp38-manylinux_2_28_aarch64.whl", hash = "sha256:9ca4e875f43af40876b17e38af5601210fc8c59240284c28e21a2a5fcb336e39"},
    {file = "itk_registration-5.4.3-cp38-cp38-manylinux_2_28_x86_64.whl", hash = "sha256:d8ac97deb0d73873024cd5fa5d502701a6472db45192bf2aab5af5d12b72daf1"},
    {file = "itk_registration-5.4.3-cp38-cp38-win_amd64.whl", hash = "sha256:bcaa71b02995091e36ad5515f9ddb3721d4b24c6f115177066178115b701a9f7"},
    {file = "itk_registration-5.4.3-cp39-cp39-macosx_10_9_x86_64.whl", hash = "sha256:b50bba809876e7c8432d1eae14528189b4d997f507d1049fe4ef468f2b944d80"},
    {file = "itk_registration-5.4.3-cp39-cp39-macosx_11_0_arm64.whl", hash = "sha256:3acbb61063bfdbe57d992ff96979fdfa8b6248a21bf5a2b0e1a8ca4b3a627d97"},
    {file = "itk_registration-5.4.3-cp39-cp39-manylinux_2_17_x86_64.manylinux2014_x86_64.whl", hash = "sha256:7c2957850f6ccd2e2ccf706ce53d0faf1fedcf842dd3f10e0acfd24e178f2465"},
    {file = "itk_registration-5.4.3-cp39-cp39-manylinux_2_28_aarch64.whl", hash = "sha256:37391c27b051cceaecd47438383c51a1c4fa3071a0bceca34c0e5f03e7aecf3d"},
    {file = "itk_registration-5.4.3-cp39-cp39-manylinux_2_28_x86_64.whl", hash = "sha256:6d09f42a1d04930197c612eba3339254267f504af522f52939da23200d299dce"},
    {file = "itk_registration-5.4.3-cp39-cp39-win_amd64.whl", hash = "sha256:f6d26d48b81d8b41d880477a4763f0d123aa92a65e9b64aa73d8ea7d254f6fb2"},
]

[package.dependencies]
itk-filtering = "5.4.3"

[[package]]
name = "itk-segmentation"
version = "5.4.3"
description = "ITK is an open-source toolkit for multidimensional image analysis"
optional = false
python-versions = ">=3.8"
groups = ["main"]
files = [
    {file = "itk_segmentation-5.4.3-cp310-cp310-macosx_10_9_x86_64.whl", hash = "sha256:85f3164914097df5580ed48c527313ac649ef69b84ec88ac075126f756ef1612"},
    {file = "itk_segmentation-5.4.3-cp310-cp310-macosx_11_0_arm64.whl", hash = "sha256:64578784fc80026df81b1e38f5cb340a276cc59f1384fe69da5eab1c771e80b8"},
    {file = "itk_segmentation-5.4.3-cp310-cp310-manylinux_2_17_x86_64.manylinux2014_x86_64.whl", hash = "sha256:cc39d05cbf4a882883faf5b338ada1e21c0bf7c58bc48e4ab87a81788f846b57"},
    {file = "itk_segmentation-5.4.3-cp310-cp310-manylinux_2_28_aarch64.whl", hash = "sha256:08687912a13d749a4d77d27478cb0cd8d0a4c5c0c7e456da7bb47fba01a75c0c"},
    {file = "itk_segmentation-5.4.3-cp310-cp310-manylinux_2_28_x86_64.whl", hash = "sha256:374248262955ce9a9dae63734687aa497ff9ba73ead4b4cb06fab0cfc6e222dc"},
    {file = "itk_segmentation-5.4.3-cp310-cp310-win_amd64.whl", hash = "sha256:436619f6ac0af9260a074a942a3d8bf6485c5e1f158b7600f49e2de5ae1ccade"},
    {file = "itk_segmentation-5.4.3-cp311-abi3-macosx_10_9_x86_64.whl", hash = "sha256:9049467970461d2a5dfc198098d55c728a93022860453b8e0f5dc07f61a72685"},
    {file = "itk_segmentation-5.4.3-cp311-abi3-macosx_11_0_arm64.whl", hash = "sha256:22f02d29b4659971fb37f73b7d27326ce410180ed569ec846c2ebe2cbfc01633"},
    {file = "itk_segmentation-5.4.3-cp311-abi3-manylinux_2_17_x86_64.manylinux2014_x86_64.whl", hash = "sha256:413546f095c7659b64a2540725fdce8366a1e4deb1085be525125427c04952c7"},
    {file = "itk_segmentation-5.4.3-cp311-abi3-manylinux_2_28_aarch64.whl", hash = "sha256:c73622c1b245994292122f63fb5735b9485c0de6fc124e57a46f806b4823e9f5"},
    {file = "itk_segmentation-5.4.3-cp311-abi3-manylinux_2_28_x86_64.whl", hash = "sha256:fd12dd3535fbc3db8486c86202d7a9bfbf83f49293729c41bae1231028cbc27d"},
    {file = "itk_segmentation-5.4.3-cp311-abi3-win_amd64.whl", hash = "sha256:d62145f71ec04de11b8fa14ce0828653f659fe84e343e0de6de0dcd3da38a003"},
    {file = "itk_segmentation-5.4.3-cp38-cp38-manylinux_2_17_x86_64.manylinux2014_x86_64.whl", hash = "sha256:8ffdc5ffa1c0184aa8d273ddbac9b91316d0ae9d4e33a4f5a342b8be571242cb"},
    {file = "itk_segmentation-5.4.3-cp38-cp38-manylinux_2_28_aarch64.whl", hash = "sha256:5e1dbf9d261f2f019308f9f3f82fbf88abe8969ba78ae94e8942a88de9a999cd"},
    {file = "itk_segmentation-5.4.3-cp38-cp38-manylinux_2_28_x86_64.whl", hash = "sha256:86544225185b85ed22b90723938ce5e9dde80645f0908c5c488bb5be64bcd230"},
    {file = "itk_segmentation-5.4.3-cp38-cp38-win_amd64.whl", hash = "sha256:c8ea6280538e703bcdd0566d1df5a187a7b54073d8f01574cd057f894d7d344e"},
    {file = "itk_segmentation-5.4.3-cp39-cp39-macosx_10_9_x86_64.whl", hash = "sha256:7632d1c68a737576d68752198e582592ff9cc5fad8d5a4640a0d8d19fe00d339"},
    {file = "itk_segmentation-5.4.3-cp39-cp39-macosx_11_0_arm64.whl", hash = "sha256:9dbdb31e67581f87e291082f4701c1537ef5c1dff611837dba68f01e94ff81c9"},
    {file = "itk_segmentation-5.4.3-cp39-cp39-manylinux_2_17_x86_64.manylinux2014_x86_64.whl", hash = "sha256:c1d36ff0ce970eae2cc7cc8082d49413a598200c4cd2a31fa5bde7aaaf493b6d"},
    {file = "itk_segmentation-5.4.3-cp39-cp39-manylinux_2_28_aarch64.whl", hash = "sha256:e9666f4284fac059505ca3e7ef99e6e599a11b5107583ffb2c109bc3dce7a210"},
    {file = "itk_segmentation-5.4.3-cp39-cp39-manylinux_2_28_x86_64.whl", hash = "sha256:46ff1683e5a2d3e1cbb0eb8adf8bbff035c46099432a79c10255f1b73db47a33"},
    {file = "itk_segmentation-5.4.3-cp39-cp39-win_amd64.whl", hash = "sha256:4b3a2171dbdd471ce2317dc2d40b59d0b62d68acc49734c90308b04bf2912ae4"},
]

[package.dependencies]
itk-filtering = "5.4.3"

[[package]]
name = "numpy"
version = "2.2.6"
description = "Fundamental package for array computing in Python"
optional = false
python-versions = ">=3.10"
groups = ["main"]
files = [
    {file = "numpy-2.2.6-cp310-cp310-macosx_10_9_x86_64.whl", hash = "sha256:b412caa66f72040e6d268491a59f2c43bf03eb6c96dd8f0307829feb7fa2b6fb"},
    {file = "numpy-2.2.6-cp310-cp310-macosx_11_0_arm64.whl", hash = "sha256:8e41fd67c52b86603a91c1a505ebaef50b3314de0213461c7a6e99c9a3beff90"},
    {file = "numpy-2.2.6-cp310-cp310-macosx_14_0_arm64.whl", hash = "sha256:37e990a01ae6ec7fe7fa1c26c55ecb672dd98b19c3d0e1d1f326fa13cb38d163"},
    {file = "numpy-2.2.6-cp310-cp310-macosx_14_0_x86_64.whl", hash = "sha256:5a6429d4be8ca66d889b7cf70f536a397dc45ba6faeb5f8c5427935d9592e9cf"},
    {file = "numpy-2.2.6-cp310-cp310-manylinux_2_17_aarch64.manylinux2014_aarch64.whl", hash = "sha256:efd28d4e9cd7d7a8d39074a4d44c63eda73401580c5c76acda2ce969e0a38e83"},
    {file = "numpy-2.2.6-cp310-cp310-manylinux_2_17_x86_64.manylinux2014_x86_64.whl", hash = "sha256:fc7b73d02efb0e18c000e9ad8b83480dfcd5dfd11065997ed4c6747470ae8915"},
    {file = "numpy-2.2.6-cp310-cp310-musllinux_1_2_aarch64.whl", hash = "sha256:74d4531beb257d2c3f4b261bfb0fc09e0f9ebb8842d82a7b4209415896adc680"},
    {file = "numpy-2.2.6-cp310-cp310-musllinux_1_2_x86_64.whl", hash = "sha256:8fc377d995680230e83241d8a96def29f204b5782f371c532579b4f20607a289"},
    {file = "numpy-2.2.6-cp310-cp310-win32.whl", hash = "sha256:b093dd74e50a8cba3e873868d9e93a85b78e0daf2e98c6797566ad8044e8363d"},
    {file = "numpy-2.2.6-cp310-cp310-win_amd64.whl", hash = "sha256:f0fd6321b839904e15c46e0d257fdd101dd7f530fe03fd6359c1ea63738703f3"},
    {file = "numpy-2.2.6-cp311-cp311-macosx_10_9_x86_64.whl", hash = "sha256:f9f1adb22318e121c5c69a09142811a201ef17ab257a1e66ca3025065b7f53ae"},
    {file = "numpy-2.2.6-cp311-cp311-macosx_11_0_arm64.whl", hash = "sha256:c820a93b0255bc360f53eca31a0e676fd1101f673dda8da93454a12e23fc5f7a"},
    {file = "numpy-2.2.6-cp311-cp311-macosx_14_0_arm64.whl", hash = "sha256:3d70692235e759f260c3d837193090014aebdf026dfd167834bcba43e30c2a42"},
    {file = "numpy-2.2.6-cp311-cp311-macosx_14_0_x86_64.whl", hash = "sha256:481b49095335f8eed42e39e8041327c05b0f6f4780488f61286ed3c01368d491"},
    {file = "numpy-2.2.6-cp311-cp311-manylinux_2_17_aarch64.manylinux2014_aarch64.whl", hash = "sha256:b64d8d4d17135e00c8e346e0a738deb17e754230d7e0810ac5012750bbd85a5a"},
    {file = "numpy-2.2.6-cp311-cp311-manylinux_2_17_x86_64.manylinux2014_x86_64.whl", hash = "sha256:ba10f8411898fc418a521833e014a77d3ca01c15b0c6cdcce6a0d2897e6dbbdf"},
    {file = "numpy-2.2.6-cp311-cp311-musllinux_1_2_aarch64.whl", hash = "sha256:bd48227a919f1bafbdda0583705e547892342c26fb127219d60a5c36882609d1"},
    {file = "numpy-2.2.6-cp311-cp311-musllinux_1_2_x86_64.whl", hash = "sha256:9551a499bf125c1d4f9e250377c1ee2eddd02e01eac6644c080162c0c51778ab"},
    {file = "numpy-2.2.6-cp311-cp311-win32.whl", hash = "sha256:0678000bb9ac1475cd454c6b8c799206af8107e310843532b04d49649c717a47"},
    {file = "numpy-2.2.6-cp311-cp311-win_amd64.whl", hash = "sha256:e8213002e427c69c45a52bbd94163084025f533a55a59d6f9c5b820774ef3303"},
    {file = "numpy-2.2.6-cp312-cp312-macosx_10_13_x86_64.whl", hash = "sha256:41c5a21f4a04fa86436124d388f6ed60a9343a6f767fced1a8a71c3fbca038ff"},
    {file = "numpy-2.2.6-cp312-cp312-macosx_11_0_arm64.whl", hash = "sha256:de749064336d37e340f640b05f24e9e3dd678c57318c7289d222a8a2f543e90c"},
    {file = "numpy-2.2.6-cp312-cp312-macosx_14_0_arm64.whl", hash = "sha256:894b3a42502226a1cac872f840030665f33326fc3dac8e57c607905773cdcde3"},
    {file = "numpy-2.2.6-cp312-cp312-macosx_14_0_x86_64.whl", hash = "sha256:71594f7c51a18e728451bb50cc60a3ce4e6538822731b2933209a1f3614e9282"},
    {file = "numpy-2.2.6-cp312-cp312-manylinux_2_17_aarch64.manylinux2014_aarch64.whl", hash = "sha256:f2618db89be1b4e05f7a1a847a9c1c0abd63e63a1607d892dd54668dd92faf87"},
    {file = "numpy-2.2.6-cp312-cp312-manylinux_2_17_x86_64.manylinux2014_x86_64.whl", hash = "sha256:fd83c01228a688733f1ded5201c678f0c53ecc1006ffbc404db9f7a899ac6249"},
    {file = "numpy-2.2.6-cp312-cp312-musllinux_1_2_aarch64.whl", hash = "sha256:37c0ca431f82cd5fa716eca9506aefcabc247fb27ba69c5062a6d3ade8cf8f49"},
    {file = "numpy-2.2.6-cp312-cp312-musllinux_1_2_x86_64.whl", hash = "sha256:fe27749d33bb772c80dcd84ae7e8df2adc920ae8297400dabec45f0dedb3f6de"},
    {file = "numpy-2.2.6-cp312-cp312-win32.whl", hash = "sha256:4eeaae00d789f66c7a25ac5f34b71a7035bb474e679f410e5e1a94deb24cf2d4"},
    {file = "numpy-2.2.6-cp312-cp312-win_amd64.whl", hash = "sha256:c1f9540be57940698ed329904db803cf7a402f3fc200bfe599334c9bd84a40b2"},
    {file = "numpy-2.2.6-cp313-cp313-macosx_10_13_x86_64.whl", hash = "sha256:0811bb762109d9708cca4d0b13c4f67146e3c3b7cf8d34018c722adb2d957c84"},
    {file = "numpy-2.2.6-cp313-cp313-macosx_11_0_arm64.whl", hash = "sha256:287cc3162b6f01463ccd86be154f284d0893d2b3ed7292439ea97eafa8170e0b"},
    {file = "numpy-2.2.6-cp313-cp313-macosx_14_0_arm64.whl", hash = "sha256:f1372f041402e37e5e633e586f62aa53de2eac8d98cbfb822806ce4bbefcb74d"},
    {file = "numpy-2.2.6-cp313-cp313-macosx_14_0_x86_64.whl", hash = "sha256:55a4d33fa519660d69614a9fad433be87e5252f4b03850642f88993f7b2ca566"},
    {file = "numpy-2.2.6-cp313-cp313-manylinux_2_17_aarch64.manylinux2014_aarch64.whl", hash = "sha256:f92729c95468a2f4f15e9bb94c432a9229d0d50de67304399627a943201baa2f"},
    {file = "numpy-2.2.6-cp313-cp313-manylinux_2_17_x86_64.manylinux2014_x86_64.whl", hash = "sha256:1bc23a79bfabc5d056d106f9befb8d50c31ced2fbc70eedb8155aec74a45798f"},
    {file = "numpy-2.2.6-cp313-cp313-musllinux_1_2_aarch64.whl", hash = "sha256:e3143e4451880bed956e706a3220b4e5cf6172ef05fcc397f6f36a550b1dd868"},
    {file = "numpy-2.2.6-cp313-cp313-musllinux_1_2_x86_64.whl", hash = "sha256:b4f13750ce79751586ae2eb824ba7e1e8dba64784086c98cdbbcc6a42112ce0d"},
    {file = "numpy-2.2.6-cp313-cp313-win32.whl", hash = "sha256:5beb72339d9d4fa36522fc63802f469b13cdbe4fdab4a288f0c441b74272ebfd"},
    {file = "numpy-2.2.6-cp313-cp313-win_amd64.whl", hash = "sha256:b0544343a702fa80c95ad5d3d608ea3599dd54d4632df855e4c8d24eb6ecfa1c"},
    {file = "numpy-2.2.6-cp313-cp313t-macosx_10_13_x86_64.whl", hash = "sha256:0bca768cd85ae743b2affdc762d617eddf3bcf8724435498a1e80132d04879e6"},
    {file = "numpy-2.2.6-cp313-cp313t-macosx_11_0_arm64.whl", hash = "sha256:fc0c5673685c508a142ca65209b4e79ed6740a4ed6b2267dbba90f34b0b3cfda"},
    {file = "numpy-2.2.6-cp313-cp313t-macosx_14_0_arm64.whl", hash = "sha256:5bd4fc3ac8926b3819797a7c0e2631eb889b4118a9898c84f585a54d475b7e40"},
    {file = "numpy-2.2.6-cp313-cp313t-macosx_14_0_x86_64.whl", hash = "sha256:fee4236c876c4e8369388054d02d0e9bb84821feb1a64dd59e137e6511a551f8"},
    {file = "numpy-2.2.6-cp313-cp313t-manylinux_2_17_aarch64.manylinux2014_aarch64.whl", hash = "sha256:e1dda9c7e08dc141e0247a5b8f49cf05984955246a327d4c48bda16821947b2f"},
    {file = "numpy-2.2.6-cp313-cp313t-manylinux_2_17_x86_64.manylinux2014_x86_64.whl", hash = "sha256:f447e6acb680fd307f40d3da4852208af94afdfab89cf850986c3ca00562f4fa"},
    {file = "numpy-2.2.6-cp313-cp313t-musllinux_1_2_aarch64.whl", hash = "sha256:389d771b1623ec92636b0786bc4ae56abafad4a4c513d36a55dce14bd9ce8571"},
    {file = "numpy-2.2.6-cp313-cp313t-musllinux_1_2_x86_64.whl", hash = "sha256:8e9ace4a37db23421249ed236fdcdd457d671e25146786dfc96835cd951aa7c1"},
    {file = "numpy-2.2.6-cp313-cp313t-win32.whl", hash = "sha256:038613e9fb8c72b0a41f025a7e4c3f0b7a1b5d768ece4796b674c8f3fe13efff"},
    {file = "numpy-2.2.6-cp313-cp313t-win_amd64.whl", hash = "sha256:6031dd6dfecc0cf9f668681a37648373bddd6421fff6c66ec1624eed0180ee06"},
    {file = "numpy-2.2.6-pp310-pypy310_pp73-macosx_10_15_x86_64.whl", hash = "sha256:0b605b275d7bd0c640cad4e5d30fa701a8d59302e127e5f79138ad62762c3e3d"},
    {file = "numpy-2.2.6-pp310-pypy310_pp73-macosx_14_0_x86_64.whl", hash = "sha256:7befc596a7dc9da8a337f79802ee8adb30a552a94f792b9c9d18c840055907db"},
    {file = "numpy-2.2.6-pp310-pypy310_pp73-manylinux_2_17_x86_64.manylinux2014_x86_64.whl", hash = "sha256:ce47521a4754c8f4593837384bd3424880629f718d87c5d44f8ed763edd63543"},
    {file = "numpy-2.2.6-pp310-pypy310_pp73-win_amd64.whl", hash = "sha256:d042d24c90c41b54fd506da306759e06e568864df8ec17ccc17e9e884634fd00"},
    {file = "numpy-2.2.6.tar.gz", hash = "sha256:e29554e2bef54a90aa5cc07da6ce955accb83f21ab5de01a62c8478897b264fd"},
]

[metadata]
lock-version = "2.1"
python-versions = ">=3.12"
content-hash = "5a05b984bee9ede3c999820767a95cc2e5357aee4fcb657bd8013f997992633e"
